
Microsoft Visual Studio Solution File, Format Version 12.00
# Visual Studio Version 17
VisualStudioVersion = 17.6.33723.286
MinimumVisualStudioVersion = 10.0.40219.1
Project("{FAE04EC0-301F-11D3-BF4B-00C04F79EFBC}") = "Semaphore_WinForm", "Semaphore_WinForm\Semaphore_WinForm.csproj", "{B151FFC8-64BA-4B5D-9370-EABBFA9053F1}"
EndProject
Global
	GlobalSection(SolutionConfigurationPlatforms) = preSolution
		Debug|Any CPU = Debug|Any CPU
		Release|Any CPU = Release|Any CPU
	EndGlobalSection
	GlobalSection(ProjectConfigurationPlatforms) = postSolution
		{B151FFC8-64BA-4B5D-9370-EABBFA9053F1}.Debug|Any CPU.ActiveCfg = Debug|Any CPU
		{B151FFC8-64BA-4B5D-9370-EABBFA9053F1}.Debug|Any CPU.Build.0 = Debug|Any CPU
		{B151FFC8-64BA-4B5D-9370-EABBFA9053F1}.Release|Any CPU.ActiveCfg = Release|Any CPU
		{B151FFC8-64BA-4B5D-9370-EABBFA9053F1}.Release|Any CPU.Build.0 = Release|Any CPU
	EndGlobalSection
	GlobalSection(SolutionProperties) = preSolution
		HideSolutionNode = FALSE
	EndGlobalSection
	GlobalSection(ExtensibilityGlobals) = postSolution
		SolutionGuid = {AB81E0C6-A46D-48CC-B48A-87B96BF6B37A}
	EndGlobalSection
EndGlobal
